
Microsoft Visual Studio Solution File, Format Version 12.00
# Visual Studio 15
VisualStudioVersion = 15.0.26730.12
MinimumVisualStudioVersion = 10.0.40219.1
Project("{FAE04EC0-301F-11D3-BF4B-00C04F79EFBC}") = "allin-util-libs", "allin-util-libs\allin-util-libs.csproj", "{23CC31D1-576C-4C81-BC52-B9BF0A13E933}"
EndProject
Global
	GlobalSection(SolutionConfigurationPlatforms) = preSolution
		Debug|Any CPU = Debug|Any CPU
		Release|Any CPU = Release|Any CPU
	EndGlobalSection
	GlobalSection(ProjectConfigurationPlatforms) = postSolution
		{23CC31D1-576C-4C81-BC52-B9BF0A13E933}.Debug|Any CPU.ActiveCfg = Debug|Any CPU
		{23CC31D1-576C-4C81-BC52-B9BF0A13E933}.Debug|Any CPU.Build.0 = Debug|Any CPU
		{23CC31D1-576C-4C81-BC52-B9BF0A13E933}.Release|Any CPU.ActiveCfg = Release|Any CPU
		{23CC31D1-576C-4C81-BC52-B9BF0A13E933}.Release|Any CPU.Build.0 = Release|Any CPU
	EndGlobalSection
	GlobalSection(SolutionProperties) = preSolution
		HideSolutionNode = FALSE
	EndGlobalSection
	GlobalSection(ExtensibilityGlobals) = postSolution
		SolutionGuid = {C29CCD4A-9FC1-44A2-8845-7CC0349C5168}
	EndGlobalSection
EndGlobal
